<?xml version="1.0" encoding="utf-8"?>
<Project ToolsVersion="4.0" xmlns="http://schemas.microsoft.com/developer/msbuild/2003">
  <ItemGroup>
    <Filter Include="소스 파일">
      <UniqueIdentifier>{4FC737F1-C7A5-4376-A066-2A32D752A2FF}</UniqueIdentifier>
      <Extensions>cpp;c;cc;cxx;c++;cppm;ixx;def;odl;idl;hpj;bat;asm;asmx</Extensions>
    </Filter>
    <Filter Include="헤더 파일">
      <UniqueIdentifier>{93995380-89BD-4b04-88EB-625FBE52EBFB}</UniqueIdentifier>
      <Extensions>h;hh;hpp;hxx;h++;hm;inl;inc;ipp;xsd</Extensions>
    </Filter>
    <Filter Include="리소스 파일">
      <UniqueIdentifier>{67DA6AB6-F800-4c08-8B7A-83BB121AAD01}</UniqueIdentifier>
      <Extensions>rc;ico;cur;bmp;dlg;rc2;rct;bin;rgs;gif;jpg;jpeg;jpe;resx;tiff;tif;png;wav;mfcribbon-ms</Extensions>
    </Filter>
  </ItemGroup>
  <ItemGroup>
    <ClCompile Include="Framework\InputMgr.cpp">
      <Filter>소스 파일</Filter>
    </ClCompile>
    <ClCompile Include="Framework\GameObject.cpp">
      <Filter>소스 파일</Filter>
    </ClCompile>
    <ClCompile Include="stdafx.cpp">
      <Filter>소스 파일</Filter>
    </ClCompile>
    <ClCompile Include="Framework\SpriteGo.cpp">
      <Filter>소스 파일</Filter>
    </ClCompile>
    <ClCompile Include="Framework\TextGo.cpp">
      <Filter>소스 파일</Filter>
    </ClCompile>
    <ClCompile Include="Framework\Utils.cpp">
      <Filter>소스 파일</Filter>
    </ClCompile>
    <ClCompile Include="Framework\Scene.cpp">
      <Filter>소스 파일</Filter>
    </ClCompile>
    <ClCompile Include="Framework\SceneMgr.cpp">
      <Filter>소스 파일</Filter>
    </ClCompile>
    <ClCompile Include="Scenes\SceneDev1.cpp">
      <Filter>소스 파일</Filter>
    </ClCompile>
    <ClCompile Include="Scenes\SceneDev2.cpp">
      <Filter>소스 파일</Filter>
    </ClCompile>
    <ClCompile Include="Framework\Framework.cpp">
      <Filter>소스 파일</Filter>
    </ClCompile>
    <ClCompile Include="Framework\Variables.cpp">
      <Filter>소스 파일</Filter>
    </ClCompile>
    <ClCompile Include="main.cpp">
      <Filter>소스 파일</Filter>
    </ClCompile>
    <ClCompile Include="Framework\HitBox.cpp">
      <Filter>소스 파일</Filter>
    </ClCompile>
    <ClCompile Include="Framework\SoundMgr.cpp">
      <Filter>소스 파일</Filter>
    </ClCompile>
    <ClCompile Include="Framework\AnimationClip.cpp">
      <Filter>소스 파일</Filter>
    </ClCompile>
    <ClCompile Include="Framework\Animator.cpp">
      <Filter>소스 파일</Filter>
    </ClCompile>
    <ClCompile Include="Isaac.cpp">
      <Filter>소스 파일</Filter>
    </ClCompile>
    <ClCompile Include="Tears.cpp">
      <Filter>소스 파일</Filter>
    </ClCompile>
    <ClCompile Include="GameUIs\EditBoxUI.cpp">
      <Filter>소스 파일</Filter>
    </ClCompile>
    <ClCompile Include="Framework\Button.cpp">
      <Filter>소스 파일</Filter>
    </ClCompile>
    <ClCompile Include="Fly.cpp">
      <Filter>소스 파일</Filter>
    </ClCompile>
    <ClCompile Include="IdleState.cpp">
      <Filter>소스 파일</Filter>
    </ClCompile>
    <ClCompile Include="WanderState.cpp">
      <Filter>소스 파일</Filter>
    </ClCompile>
    <ClCompile Include="SpiderChargeState.cpp">
      <Filter>소스 파일</Filter>
    </ClCompile>
    <ClCompile Include="SpiderJumpState.cpp">
      <Filter>소스 파일</Filter>
    </ClCompile>
    <ClCompile Include="SpiderPatrolState.cpp">
      <Filter>소스 파일</Filter>
    </ClCompile>
    <ClCompile Include="Spider.cpp">
      <Filter>소스 파일</Filter>
    </ClCompile>
    <ClCompile Include="Monster.cpp">
      <Filter>소스 파일</Filter>
    </ClCompile>
    <ClCompile Include="MonsterState.cpp">
      <Filter>소스 파일</Filter>
    </ClCompile>
    <ClCompile Include="GameUIs\MapBoxUI.cpp">
      <Filter>소스 파일</Filter>
    </ClCompile>
    <ClCompile Include="Scenes\SceneEditor.cpp">
      <Filter>소스 파일</Filter>
    </ClCompile>
    <ClCompile Include="Scenes\SceneGame.cpp">
      <Filter>소스 파일</Filter>
    </ClCompile>
    <ClCompile Include="GameObjects\Obstacles.cpp">
      <Filter>소스 파일</Filter>
    </ClCompile>
    <ClCompile Include="GameObjects\Walls.cpp">
      <Filter>소스 파일</Filter>
    </ClCompile>
    <ClCompile Include="GameObjects\Spikes.cpp">
      <Filter>소스 파일</Filter>
    </ClCompile>
    <ClCompile Include="GameObjects\Door.cpp">
      <Filter>소스 파일</Filter>
    </ClCompile>
    <ClCompile Include="Item.cpp">
      <Filter>소스 파일</Filter>
    </ClCompile>
    <ClCompile Include="GameObjects\Map.cpp">
      <Filter>소스 파일</Filter>
    </ClCompile>
    <ClCompile Include="GameUIs\ItemUI.cpp">
      <Filter>소스 파일</Filter>
    </ClCompile>
    <ClCompile Include="GameUIs\MapUI.cpp">
      <Filter>소스 파일</Filter>
    </ClCompile>
    <ClCompile Include="GameUIs\HeartUI.cpp">
      <Filter>소스 파일</Filter>
    </ClCompile>
    <ClCompile Include="GameUIs\SkillUI.cpp">
      <Filter>소스 파일</Filter>
    </ClCompile>
    <ClCompile Include="Skill.cpp">
      <Filter>소스 파일</Filter>
    </ClCompile>
    <ClCompile Include="MapMaking.cpp">
      <Filter>소스 파일</Filter>
    </ClCompile>
    <ClCompile Include="Bomb.cpp">
      <Filter>소스 파일</Filter>
    </ClCompile>
    <ClCompile Include="Scenes\SceneAnimator.cpp">
      <Filter>소스 파일</Filter>
    </ClCompile>
    <ClCompile Include="Body.cpp">
      <Filter>소스 파일</Filter>
    </ClCompile>
    <ClCompile Include="Hopper.cpp">
      <Filter>소스 파일</Filter>
    </ClCompile>
    <ClCompile Include="HopperIdleState.cpp">
      <Filter>소스 파일</Filter>
    </ClCompile>
    <ClCompile Include="HopperJumpState.cpp">
      <Filter>소스 파일</Filter>
    </ClCompile>
    <ClCompile Include="AttackFly.cpp">
      <Filter>소스 파일</Filter>
    </ClCompile>
    <ClCompile Include="Body.cpp">
      <Filter>소스 파일</Filter>
    </ClCompile>
    <ClCompile Include="ChaseState.cpp">
      <Filter>소스 파일</Filter>
    </ClCompile>
    <ClCompile Include="Hopper.cpp">
      <Filter>소스 파일</Filter>
    </ClCompile>
    <ClCompile Include="HopperIdleState.cpp">
      <Filter>소스 파일</Filter>
    </ClCompile>
    <ClCompile Include="HopperJumpState.cpp">
      <Filter>소스 파일</Filter>
    </ClCompile>
    <ClCompile Include="LarryJr.cpp">
      <Filter>소스 파일</Filter>
    </ClCompile>
    <ClCompile Include="LarryMoveState.cpp">
      <Filter>소스 파일</Filter>
    </ClCompile>
  </ItemGroup>
  <ItemGroup>
    <ClInclude Include="Framework\InputMgr.h">
      <Filter>헤더 파일</Filter>
    </ClInclude>
    <ClInclude Include="Framework\Singleton.h">
      <Filter>헤더 파일</Filter>
    </ClInclude>
    <ClInclude Include="Framework\ResourceMgr.h">
      <Filter>헤더 파일</Filter>
    </ClInclude>
    <ClInclude Include="Framework\GameObject.h">
      <Filter>헤더 파일</Filter>
    </ClInclude>
    <ClInclude Include="stdafx.h">
      <Filter>헤더 파일</Filter>
    </ClInclude>
    <ClInclude Include="Framework\SpriteGo.h">
      <Filter>헤더 파일</Filter>
    </ClInclude>
    <ClInclude Include="Framework\TextGo.h">
      <Filter>헤더 파일</Filter>
    </ClInclude>
    <ClInclude Include="Framework\Defines.h">
      <Filter>헤더 파일</Filter>
    </ClInclude>
    <ClInclude Include="Framework\Utils.h">
      <Filter>헤더 파일</Filter>
    </ClInclude>
    <ClInclude Include="Framework\Scene.h">
      <Filter>헤더 파일</Filter>
    </ClInclude>
    <ClInclude Include="Framework\SceneMgr.h">
      <Filter>헤더 파일</Filter>
    </ClInclude>
    <ClInclude Include="Scenes\SceneDev1.h">
      <Filter>헤더 파일</Filter>
    </ClInclude>
    <ClInclude Include="Scenes\SceneDev2.h">
      <Filter>헤더 파일</Filter>
    </ClInclude>
    <ClInclude Include="Framework\Framework.h">
      <Filter>헤더 파일</Filter>
    </ClInclude>
    <ClInclude Include="Framework\Variables.h">
      <Filter>헤더 파일</Filter>
    </ClInclude>
    <ClInclude Include="Framework\HitBox.h">
      <Filter>헤더 파일</Filter>
    </ClInclude>
    <ClInclude Include="Framework\SoundMgr.h">
      <Filter>헤더 파일</Filter>
    </ClInclude>
    <ClInclude Include="Framework\rapidcsv.h">
      <Filter>헤더 파일</Filter>
    </ClInclude>
    <ClInclude Include="Framework\AnimationClip.h">
      <Filter>헤더 파일</Filter>
    </ClInclude>
    <ClInclude Include="Framework\Animator.h">
      <Filter>헤더 파일</Filter>
    </ClInclude>
    <ClInclude Include="Isaac.h">
      <Filter>헤더 파일</Filter>
    </ClInclude>
    <ClInclude Include="Tears.h">
      <Filter>헤더 파일</Filter>
    </ClInclude>
    <ClInclude Include="IdleState.h">
      <Filter>헤더 파일</Filter>
    </ClInclude>
    <ClInclude Include="Spider.h">
      <Filter>헤더 파일</Filter>
    </ClInclude>
    <ClInclude Include="SpiderChargeState.h">
      <Filter>헤더 파일</Filter>
    </ClInclude>
    <ClInclude Include="SpiderJumpState.h">
      <Filter>헤더 파일</Filter>
    </ClInclude>
    <ClInclude Include="SpiderPatrolState.h">
      <Filter>헤더 파일</Filter>
    </ClInclude>
    <ClInclude Include="WanderState.h">
      <Filter>헤더 파일</Filter>
    </ClInclude>
    <ClInclude Include="Fly.h">
      <Filter>헤더 파일</Filter>
    </ClInclude>
    <ClInclude Include="Monster.h">
      <Filter>헤더 파일</Filter>
    </ClInclude>
    <ClInclude Include="MonsterState.h">
      <Filter>헤더 파일</Filter>
    </ClInclude>
    <ClInclude Include="GameUIs\EditBoxUI.h">
      <Filter>헤더 파일</Filter>
    </ClInclude>
    <ClInclude Include="GameUIs\MapBoxUI.h">
      <Filter>헤더 파일</Filter>
    </ClInclude>
    <ClInclude Include="Scenes\SceneEditor.h">
      <Filter>헤더 파일</Filter>
    </ClInclude>
    <ClInclude Include="Framework\Button.h">
      <Filter>헤더 파일</Filter>
    </ClInclude>
    <ClInclude Include="Scenes\SceneGame.h">
      <Filter>헤더 파일</Filter>
    </ClInclude>
    <ClInclude Include="GameObjects\Obstacles.h">
      <Filter>헤더 파일</Filter>
    </ClInclude>
    <ClInclude Include="GameObjects\Walls.h">
      <Filter>헤더 파일</Filter>
    </ClInclude>
    <ClInclude Include="GameObjects\Spikes.h">
      <Filter>헤더 파일</Filter>
    </ClInclude>
    <ClInclude Include="GameObjects\Door.h">
      <Filter>헤더 파일</Filter>
    </ClInclude>
    <ClInclude Include="GameObjects\Map.h">
      <Filter>헤더 파일</Filter>
    </ClInclude>
    <ClInclude Include="Item.h">
      <Filter>헤더 파일</Filter>
    </ClInclude>
    <ClInclude Include="GameUIs\ItemUI.h">
      <Filter>헤더 파일</Filter>
    </ClInclude>
    <ClInclude Include="GameUIs\MapUI.h">
      <Filter>헤더 파일</Filter>
    </ClInclude>
    <ClInclude Include="GameUIs\HeartUI.h">
      <Filter>헤더 파일</Filter>
    </ClInclude>
    <ClInclude Include="GameUIs\SkillUI.h">
      <Filter>헤더 파일</Filter>
    </ClInclude>
    <ClInclude Include="Skill.h">
      <Filter>헤더 파일</Filter>
    </ClInclude>
    <ClInclude Include="MapMaking.h">
      <Filter>헤더 파일</Filter>
    </ClInclude>
    <ClInclude Include="Bomb.h">
      <Filter>헤더 파일</Filter>
    </ClInclude>
    <ClInclude Include="Scenes\SceneAnimator.h">
      <Filter>헤더 파일</Filter>
    </ClInclude>
    <ClInclude Include="Body.h">
      <Filter>헤더 파일</Filter>
    </ClInclude>
    <ClInclude Include="Hopper.h">
      <Filter>헤더 파일</Filter>
    </ClInclude>
    <ClInclude Include="HopperIdleState.h">
      <Filter>헤더 파일</Filter>
    </ClInclude>
    <ClInclude Include="HopperJumpState.h">
      <Filter>헤더 파일</Filter>
    </ClInclude>
    <ClInclude Include="AttackFly.h">
      <Filter>헤더 파일</Filter>
    </ClInclude>
    <ClInclude Include="Body.h">
      <Filter>헤더 파일</Filter>
    </ClInclude>
    <ClInclude Include="ChaseState.h">
      <Filter>헤더 파일</Filter>
    </ClInclude>
    <ClInclude Include="Hopper.h">
      <Filter>헤더 파일</Filter>
    </ClInclude>
    <ClInclude Include="HopperIdleState.h">
      <Filter>헤더 파일</Filter>
    </ClInclude>
    <ClInclude Include="HopperJumpState.h">
      <Filter>헤더 파일</Filter>
    </ClInclude>
    <ClInclude Include="LarryJr.h">
      <Filter>헤더 파일</Filter>
    </ClInclude>
    <ClInclude Include="LarryMoveState.h">
      <Filter>헤더 파일</Filter>
    </ClInclude>
  </ItemGroup>
</Project>